
Microsoft Visual Studio Solution File, Format Version 12.00
# Visual Studio Version 17
VisualStudioVersion = 17.11.35327.3
MinimumVisualStudioVersion = 10.0.40219.1
Project("{9A19103F-16F7-4668-BE54-9A1E7A4F7556}") = "FantasyFootballStatTracker", "FantasyFootballStatTracker.csproj", "{A81ED250-137B-4BDF-8569-7D754D77D5A7}"
EndProject
Project("{9A19103F-16F7-4668-BE54-9A1E7A4F7556}") = "Nl2Sql.Library", "nl2sql.library\Nl2Sql.Library.csproj", "{1D8B9A67-F8BE-4223-BC3A-0DBC084E9D33}"
EndProject
Global
	GlobalSection(SolutionConfigurationPlatforms) = preSolution
		Debug|Any CPU = Debug|Any CPU
		Release|Any CPU = Release|Any CPU
	EndGlobalSection
	GlobalSection(ProjectConfigurationPlatforms) = postSolution
		{A81ED250-137B-4BDF-8569-7D754D77D5A7}.Debug|Any CPU.ActiveCfg = Debug|Any CPU
		{A81ED250-137B-4BDF-8569-7D754D77D5A7}.Debug|Any CPU.Build.0 = Debug|Any CPU
		{A81ED250-137B-4BDF-8569-7D754D77D5A7}.Release|Any CPU.ActiveCfg = Release|Any CPU
		{A81ED250-137B-4BDF-8569-7D754D77D5A7}.Release|Any CPU.Build.0 = Release|Any CPU
		{1D8B9A67-F8BE-4223-BC3A-0DBC084E9D33}.Debug|Any CPU.ActiveCfg = Debug|Any CPU
		{1D8B9A67-F8BE-4223-BC3A-0DBC084E9D33}.Debug|Any CPU.Build.0 = Debug|Any CPU
		{1D8B9A67-F8BE-4223-BC3A-0DBC084E9D33}.Release|Any CPU.ActiveCfg = Release|Any CPU
		{1D8B9A67-F8BE-4223-BC3A-0DBC084E9D33}.Release|Any CPU.Build.0 = Release|Any CPU
	EndGlobalSection
	GlobalSection(SolutionProperties) = preSolution
		HideSolutionNode = FALSE
	EndGlobalSection
	GlobalSection(ExtensibilityGlobals) = postSolution
		SolutionGuid = {BCC83623-F573-4434-8842-575ABF33E4EF}
	EndGlobalSection
EndGlobal
